--- 
dependencies: 
  mongrel: 
    group: 
    - :default
    version: ">= 0"
  rails: 
    group: 
    - :default
    version: = 2.3.5
    require: []

  opml: 
    group: 
    - :default
    version: ">= 0"
  sqlite3-ruby: 
    group: 
    - :default
    version: ">= 0"
  mysql: 
    group: 
    - :production
    version: ">= 0"
  rspec-rails: 
    group: 
    - :test
    - :cucumber
    version: ">= 0"
  locale_rails: 
    group: 
    - :default
    version: ">= 0"
  rfeedfinder: 
    group: 
    - :default
    version: ">= 0"
  restful_authentication: 
    group: 
    - :default
    version: ">= 0"
  gettext_rails: 
    group: 
    - :default
    version: ">= 0"
  gettext: 
    group: 
    - :default
    version: ">= 0"
  locale: 
    group: 
    - :default
    version: ">= 0"
  feed-normalizer: 
    group: 
    - :default
    version: ">= 0"
  gettext_activerecord: 
    group: 
    - :default
    version: ">= 0"
specs: 
- rake: 
    version: 0.8.7
- activesupport: 
    version: 2.3.5
- rack: 
    version: 1.0.1
- actionpack: 
    version: 2.3.5
- actionmailer: 
    version: 2.3.5
- activerecord: 
    version: 2.3.5
- activeresource: 
    version: 2.3.5
- hpricot: 
    version: 0.8.2
- simple-rss: 
    version: 1.2.2
- feed-normalizer: 
    version: 1.5.2
- gem_plugin: 
    version: 0.2.3
- locale: 
    version: 2.0.5
- gettext: 
    version: 2.1.0
- gettext_activerecord: 
    version: 2.1.0
- locale_rails: 
    version: 2.0.5
- rails: 
    version: 2.3.5
- gettext_rails: 
    version: 2.1.0
- htmlentities: 
    version: 4.2.1
- mongrel: 
    version: 1.1.6
- mysql: 
    version: 2.8.1.1
- opml: 
    version: 1.0.0
- restful_authentication: 
    version: 1.1.6
- rfeedfinder: 
    version: 0.9.13
- rspec: 
    version: 1.3.0
- rspec-rails: 
    version: 1.3.2
- sqlite3-ruby: 
    version: 1.2.5
hash: 9db31cb3ca652c0ed1fb96b4310c468fe5dd1776
sources: 
- Rubygems: 
    uri: http://gemcutter.org
